
Microsoft Visual Studio Solution File, Format Version 12.00
# Visual Studio Version 17
VisualStudioVersion = 17.4.33205.214
MinimumVisualStudioVersion = 10.0.40219.1
Project("{9A19103F-16F7-4668-BE54-9A1E7A4F7556}") = "JobApplicant", "JobApplicant\JobApplicant.csproj", "{6112A677-4763-41CF-ABB0-4C81256830FD}"
EndProject
Project("{FAE04EC0-301F-11D3-BF4B-00C04F79EFBC}") = "job.test", "job.test\job.test.csproj", "{01D6CE8C-66B9-4E6F-A26A-A01A36C9DCE1}"
EndProject
Global
	GlobalSection(SolutionConfigurationPlatforms) = preSolution
		Debug|Any CPU = Debug|Any CPU
		Release|Any CPU = Release|Any CPU
	EndGlobalSection
	GlobalSection(ProjectConfigurationPlatforms) = postSolution
		{6112A677-4763-41CF-ABB0-4C81256830FD}.Debug|Any CPU.ActiveCfg = Debug|Any CPU
		{6112A677-4763-41CF-ABB0-4C81256830FD}.Debug|Any CPU.Build.0 = Debug|Any CPU
		{6112A677-4763-41CF-ABB0-4C81256830FD}.Release|Any CPU.ActiveCfg = Release|Any CPU
		{6112A677-4763-41CF-ABB0-4C81256830FD}.Release|Any CPU.Build.0 = Release|Any CPU
		{01D6CE8C-66B9-4E6F-A26A-A01A36C9DCE1}.Debug|Any CPU.ActiveCfg = Debug|Any CPU
		{01D6CE8C-66B9-4E6F-A26A-A01A36C9DCE1}.Debug|Any CPU.Build.0 = Debug|Any CPU
		{01D6CE8C-66B9-4E6F-A26A-A01A36C9DCE1}.Release|Any CPU.ActiveCfg = Release|Any CPU
		{01D6CE8C-66B9-4E6F-A26A-A01A36C9DCE1}.Release|Any CPU.Build.0 = Release|Any CPU
	EndGlobalSection
	GlobalSection(SolutionProperties) = preSolution
		HideSolutionNode = FALSE
	EndGlobalSection
	GlobalSection(ExtensibilityGlobals) = postSolution
		SolutionGuid = {D8493B70-13E0-4088-9565-27F10133CB0E}
	EndGlobalSection
EndGlobal
